// !$*UTF8*$!
{
	archiveVersion = 1;
	classes = {
	};
	objectVersion = 51;
	objects = {

/* Begin PBXBuildFile section */
		3E27C2F62685A31400512FAB /* AppDelegate.swift in Sources */ = {isa = PBXBuildFile; fileRef = 3E27C2F52685A31400512FAB /* AppDelegate.swift */; };
		3E27C2FA2685A31400512FAB /* ViewController.swift in Sources */ = {isa = PBXBuildFile; fileRef = 3E27C2F92685A31400512FAB /* ViewController.swift */; };
		3E27C2FD2685A31400512FAB /* Main.storyboard in Resources */ = {isa = PBXBuildFile; fileRef = 3E27C2FB2685A31400512FAB /* Main.storyboard */; };
		3E27C2FF2685A31800512FAB /* Assets.xcassets in Resources */ = {isa = PBXBuildFile; fileRef = 3E27C2FE2685A31800512FAB /* Assets.xcassets */; };
		3E27C3022685A31800512FAB /* LaunchScreen.storyboard in Resources */ = {isa = PBXBuildFile; fileRef = 3E27C3002685A31800512FAB /* LaunchScreen.storyboard */; };
		3E27C30A2685A70A00512FAB /* LoginAndSingUpDataModel.swift in Sources */ = {isa = PBXBuildFile; fileRef = 3E27C3092685A70A00512FAB /* LoginAndSingUpDataModel.swift */; };
		3E27C3122685A7D700512FAB /* ApiHandler.swift in Sources */ = {isa = PBXBuildFile; fileRef = 3E27C30C2685A7D700512FAB /* ApiHandler.swift */; };
		3E27C3132685A7D700512FAB /* AppConstants.swift in Sources */ = {isa = PBXBuildFile; fileRef = 3E27C30D2685A7D700512FAB /* AppConstants.swift */; };
		3E27C3142685A7D700512FAB /* CustomProtocols.swift in Sources */ = {isa = PBXBuildFile; fileRef = 3E27C30E2685A7D700512FAB /* CustomProtocols.swift */; };
		3E27C3152685A7D700512FAB /* Enums.swift in Sources */ = {isa = PBXBuildFile; fileRef = 3E27C30F2685A7D700512FAB /* Enums.swift */; };
		3E27C3162685A7D700512FAB /* Extensions.swift in Sources */ = {isa = PBXBuildFile; fileRef = 3E27C3102685A7D700512FAB /* Extensions.swift */; };
		3E27C3172685A7D700512FAB /* Utilities.swift in Sources */ = {isa = PBXBuildFile; fileRef = 3E27C3112685A7D700512FAB /* Utilities.swift */; };
		3E27C3202685A7E500512FAB /* RoundedButton.swift in Sources */ = {isa = PBXBuildFile; fileRef = 3E27C3192685A7E500512FAB /* RoundedButton.swift */; };
		3E27C3212685A7E500512FAB /* RoundedTextView.swift in Sources */ = {isa = PBXBuildFile; fileRef = 3E27C31A2685A7E500512FAB /* RoundedTextView.swift */; };
		3E27C3222685A7E500512FAB /* RoundedView.swift in Sources */ = {isa = PBXBuildFile; fileRef = 3E27C31B2685A7E500512FAB /* RoundedView.swift */; };
		3E27C3232685A7E500512FAB /* SemiRoundView.swift in Sources */ = {isa = PBXBuildFile; fileRef = 3E27C31C2685A7E500512FAB /* SemiRoundView.swift */; };
		3E27C3242685A7E500512FAB /* ThemeUIView.swift in Sources */ = {isa = PBXBuildFile; fileRef = 3E27C31D2685A7E500512FAB /* ThemeUIView.swift */; };
		3E27C3252685A7E500512FAB /* UnderLIneLable.swift in Sources */ = {isa = PBXBuildFile; fileRef = 3E27C31E2685A7E500512FAB /* UnderLIneLable.swift */; };
		3E27C3262685A7E500512FAB /* WhiteTintUIButton.swift in Sources */ = {isa = PBXBuildFile; fileRef = 3E27C31F2685A7E500512FAB /* WhiteTintUIButton.swift */; };
		9E61A4FA513E655B9090086A /* Pods_TimeCardTint.framework in Frameworks */ = {isa = PBXBuildFile; fileRef = DF7D2D9F6B375DD3CBBD4822 /* Pods_TimeCardTint.framework */; };
/* End PBXBuildFile section */

/* Begin PBXFileReference section */
		3E27C2F22685A31400512FAB /* TimeCardTint.app */ = {isa = PBXFileReference; explicitFileType = wrapper.application; includeInIndex = 0; path = TimeCardTint.app; sourceTree = BUILT_PRODUCTS_DIR; };
		3E27C2F52685A31400512FAB /* AppDelegate.swift */ = {isa = PBXFileReference; lastKnownFileType = sourcecode.swift; path = AppDelegate.swift; sourceTree = "<group>"; };
		3E27C2F92685A31400512FAB /* ViewController.swift */ = {isa = PBXFileReference; lastKnownFileType = sourcecode.swift; path = ViewController.swift; sourceTree = "<group>"; };
		3E27C2FC2685A31400512FAB /* Base */ = {isa = PBXFileReference; lastKnownFileType = file.storyboard; name = Base; path = Base.lproj/Main.storyboard; sourceTree = "<group>"; };
		3E27C2FE2685A31800512FAB /* Assets.xcassets */ = {isa = PBXFileReference; lastKnownFileType = folder.assetcatalog; path = Assets.xcassets; sourceTree = "<group>"; };
		3E27C3012685A31800512FAB /* Base */ = {isa = PBXFileReference; lastKnownFileType = file.storyboard; name = Base; path = Base.lproj/LaunchScreen.storyboard; sourceTree = "<group>"; };
		3E27C3032685A31800512FAB /* Info.plist */ = {isa = PBXFileReference; lastKnownFileType = text.plist.xml; path = Info.plist; sourceTree = "<group>"; };
		3E27C3092685A70A00512FAB /* LoginAndSingUpDataModel.swift */ = {isa = PBXFileReference; lastKnownFileType = sourcecode.swift; path = LoginAndSingUpDataModel.swift; sourceTree = "<group>"; };
		3E27C30C2685A7D700512FAB /* ApiHandler.swift */ = {isa = PBXFileReference; fileEncoding = 4; lastKnownFileType = sourcecode.swift; path = ApiHandler.swift; sourceTree = "<group>"; };
		3E27C30D2685A7D700512FAB /* AppConstants.swift */ = {isa = PBXFileReference; fileEncoding = 4; lastKnownFileType = sourcecode.swift; path = AppConstants.swift; sourceTree = "<group>"; };
		3E27C30E2685A7D700512FAB /* CustomProtocols.swift */ = {isa = PBXFileReference; fileEncoding = 4; lastKnownFileType = sourcecode.swift; path = CustomProtocols.swift; sourceTree = "<group>"; };
		3E27C30F2685A7D700512FAB /* Enums.swift */ = {isa = PBXFileReference; fileEncoding = 4; lastKnownFileType = sourcecode.swift; path = Enums.swift; sourceTree = "<group>"; };
		3E27C3102685A7D700512FAB /* Extensions.swift */ = {isa = PBXFileReference; fileEncoding = 4; lastKnownFileType = sourcecode.swift; path = Extensions.swift; sourceTree = "<group>"; };
		3E27C3112685A7D700512FAB /* Utilities.swift */ = {isa = PBXFileReference; fileEncoding = 4; lastKnownFileType = sourcecode.swift; path = Utilities.swift; sourceTree = "<group>"; };
		3E27C3192685A7E500512FAB /* RoundedButton.swift */ = {isa = PBXFileReference; fileEncoding = 4; lastKnownFileType = sourcecode.swift; path = RoundedButton.swift; sourceTree = "<group>"; };
		3E27C31A2685A7E500512FAB /* RoundedTextView.swift */ = {isa = PBXFileReference; fileEncoding = 4; lastKnownFileType = sourcecode.swift; path = RoundedTextView.swift; sourceTree = "<group>"; };
		3E27C31B2685A7E500512FAB /* RoundedView.swift */ = {isa = PBXFileReference; fileEncoding = 4; lastKnownFileType = sourcecode.swift; path = RoundedView.swift; sourceTree = "<group>"; };
		3E27C31C2685A7E500512FAB /* SemiRoundView.swift */ = {isa = PBXFileReference; fileEncoding = 4; lastKnownFileType = sourcecode.swift; path = SemiRoundView.swift; sourceTree = "<group>"; };
		3E27C31D2685A7E500512FAB /* ThemeUIView.swift */ = {isa = PBXFileReference; fileEncoding = 4; lastKnownFileType = sourcecode.swift; path = ThemeUIView.swift; sourceTree = "<group>"; };
		3E27C31E2685A7E500512FAB /* UnderLIneLable.swift */ = {isa = PBXFileReference; fileEncoding = 4; lastKnownFileType = sourcecode.swift; path = UnderLIneLable.swift; sourceTree = "<group>"; };
		3E27C31F2685A7E500512FAB /* WhiteTintUIButton.swift */ = {isa = PBXFileReference; fileEncoding = 4; lastKnownFileType = sourcecode.swift; path = WhiteTintUIButton.swift; sourceTree = "<group>"; };
		75E93D24350FDE377316D820 /* Pods-TimeCardTint.debug.xcconfig */ = {isa = PBXFileReference; includeInIndex = 1; lastKnownFileType = text.xcconfig; name = "Pods-TimeCardTint.debug.xcconfig"; path = "Target Support Files/Pods-TimeCardTint/Pods-TimeCardTint.debug.xcconfig"; sourceTree = "<group>"; };
		DF7D2D9F6B375DD3CBBD4822 /* Pods_TimeCardTint.framework */ = {isa = PBXFileReference; explicitFileType = wrapper.framework; includeInIndex = 0; path = Pods_TimeCardTint.framework; sourceTree = BUILT_PRODUCTS_DIR; };
		F2845637A7276974279F2E6F /* Pods-TimeCardTint.release.xcconfig */ = {isa = PBXFileReference; includeInIndex = 1; lastKnownFileType = text.xcconfig; name = "Pods-TimeCardTint.release.xcconfig"; path = "Target Support Files/Pods-TimeCardTint/Pods-TimeCardTint.release.xcconfig"; sourceTree = "<group>"; };
/* End PBXFileReference section */

/* Begin PBXFrameworksBuildPhase section */
		3E27C2EF2685A31400512FAB /* Frameworks */ = {
			isa = PBXFrameworksBuildPhase;
			buildActionMask = 2147483647;
			files = (
				9E61A4FA513E655B9090086A /* Pods_TimeCardTint.framework in Frameworks */,
			);
			runOnlyForDeploymentPostprocessing = 0;
		};
/* End PBXFrameworksBuildPhase section */

/* Begin PBXGroup section */
		3E27C2E92685A31400512FAB = {
			isa = PBXGroup;
			children = (
				3E27C2F42685A31400512FAB /* TimeCardTint */,
				3E27C2F32685A31400512FAB /* Products */,
				8D81D9FE285735790770FA1E /* Pods */,
				5B06D70C88B39580619D7656 /* Frameworks */,
			);
			sourceTree = "<group>";
		};
		3E27C2F32685A31400512FAB /* Products */ = {
			isa = PBXGroup;
			children = (
				3E27C2F22685A31400512FAB /* TimeCardTint.app */,
			);
			name = Products;
			sourceTree = "<group>";
		};
		3E27C2F42685A31400512FAB /* TimeCardTint */ = {
			isa = PBXGroup;
			children = (
				3E27C2F52685A31400512FAB /* AppDelegate.swift */,
				3E27C3182685A7E500512FAB /* CustomUIComponents */,
				3E27C30B2685A7D700512FAB /* AppUtils */,
				3E27C3092685A70A00512FAB /* LoginAndSingUpDataModel.swift */,
				3E27C2F92685A31400512FAB /* ViewController.swift */,
				3E27C2FB2685A31400512FAB /* Main.storyboard */,
				3E27C2FE2685A31800512FAB /* Assets.xcassets */,
				3E27C3002685A31800512FAB /* LaunchScreen.storyboard */,
				3E27C3032685A31800512FAB /* Info.plist */,
			);
			path = TimeCardTint;
			sourceTree = "<group>";
		};
		3E27C30B2685A7D700512FAB /* AppUtils */ = {
			isa = PBXGroup;
			children = (
				3E27C30C2685A7D700512FAB /* ApiHandler.swift */,
				3E27C30D2685A7D700512FAB /* AppConstants.swift */,
				3E27C30E2685A7D700512FAB /* CustomProtocols.swift */,
				3E27C30F2685A7D700512FAB /* Enums.swift */,
				3E27C3102685A7D700512FAB /* Extensions.swift */,
				3E27C3112685A7D700512FAB /* Utilities.swift */,
			);
			path = AppUtils;
			sourceTree = "<group>";
		};
		3E27C3182685A7E500512FAB /* CustomUIComponents */ = {
			isa = PBXGroup;
			children = (
				3E27C3192685A7E500512FAB /* RoundedButton.swift */,
				3E27C31A2685A7E500512FAB /* RoundedTextView.swift */,
				3E27C31B2685A7E500512FAB /* RoundedView.swift */,
				3E27C31C2685A7E500512FAB /* SemiRoundView.swift */,
				3E27C31D2685A7E500512FAB /* ThemeUIView.swift */,
				3E27C31E2685A7E500512FAB /* UnderLIneLable.swift */,
				3E27C31F2685A7E500512FAB /* WhiteTintUIButton.swift */,
			);
			path = CustomUIComponents;
			sourceTree = "<group>";
		};
		5B06D70C88B39580619D7656 /* Frameworks */ = {
			isa = PBXGroup;
			children = (
				DF7D2D9F6B375DD3CBBD4822 /* Pods_TimeCardTint.framework */,
			);
			name = Frameworks;
			sourceTree = "<group>";
		};
		8D81D9FE285735790770FA1E /* Pods */ = {
			isa = PBXGroup;
			children = (
				75E93D24350FDE377316D820 /* Pods-TimeCardTint.debug.xcconfig */,
				F2845637A7276974279F2E6F /* Pods-TimeCardTint.release.xcconfig */,
			);
			path = Pods;
			sourceTree = "<group>";
		};
/* End PBXGroup section */

/* Begin PBXNativeTarget section */
		3E27C2F12685A31400512FAB /* TimeCardTint */ = {
			isa = PBXNativeTarget;
			buildConfigurationList = 3E27C3062685A31800512FAB /* Build configuration list for PBXNativeTarget "TimeCardTint" */;
			buildPhases = (
				B541EA263604AE1B7F2DD71B /* [CP] Check Pods Manifest.lock */,
				3E27C2EE2685A31400512FAB /* Sources */,
				3E27C2EF2685A31400512FAB /* Frameworks */,
				3E27C2F02685A31400512FAB /* Resources */,
				7E034393B4A075AC02430A6F /* [CP] Embed Pods Frameworks */,
			);
			buildRules = (
			);
			dependencies = (
			);
			name = TimeCardTint;
			productName = TimeCardTint;
			productReference = 3E27C2F22685A31400512FAB /* TimeCardTint.app */;
			productType = "com.apple.product-type.application";
		};
/* End PBXNativeTarget section */

/* Begin PBXProject section */
		3E27C2EA2685A31400512FAB /* Project object */ = {
			isa = PBXProject;
			attributes = {
				LastSwiftUpdateCheck = 1250;
				LastUpgradeCheck = 1250;
				TargetAttributes = {
					3E27C2F12685A31400512FAB = {
						CreatedOnToolsVersion = 12.5;
					};
				};
			};
			buildConfigurationList = 3E27C2ED2685A31400512FAB /* Build configuration list for PBXProject "TimeCardTint" */;
			compatibilityVersion = "Xcode 9.3";
			developmentRegion = en;
			hasScannedForEncodings = 0;
			knownRegions = (
				en,
				Base,
			);
			mainGroup = 3E27C2E92685A31400512FAB;
			productRefGroup = 3E27C2F32685A31400512FAB /* Products */;
			projectDirPath = "";
			projectRoot = "";
			targets = (
				3E27C2F12685A31400512FAB /* TimeCardTint */,
			);
		};
/* End PBXProject section */

/* Begin PBXResourcesBuildPhase section */
		3E27C2F02685A31400512FAB /* Resources */ = {
			isa = PBXResourcesBuildPhase;
			buildActionMask = 2147483647;
			files = (
				3E27C3022685A31800512FAB /* LaunchScreen.storyboard in Resources */,
				3E27C2FF2685A31800512FAB /* Assets.xcassets in Resources */,
				3E27C2FD2685A31400512FAB /* Main.storyboard in Resources */,
			);
			runOnlyForDeploymentPostprocessing = 0;
		};
/* End PBXResourcesBuildPhase section */

/* Begin PBXShellScriptBuildPhase section */
		7E034393B4A075AC02430A6F /* [CP] Embed Pods Frameworks */ = {
			isa = PBXShellScriptBuildPhase;
			buildActionMask = 2147483647;
			files = (
			);
			inputFileListPaths = (
				"${PODS_ROOT}/Target Support Files/Pods-TimeCardTint/Pods-TimeCardTint-frameworks-${CONFIGURATION}-input-files.xcfilelist",
			);
			name = "[CP] Embed Pods Frameworks";
			outputFileListPaths = (
				"${PODS_ROOT}/Target Support Files/Pods-TimeCardTint/Pods-TimeCardTint-frameworks-${CONFIGURATION}-output-files.xcfilelist",
			);
			runOnlyForDeploymentPostprocessing = 0;
			shellPath = /bin/sh;
			shellScript = "\"${PODS_ROOT}/Target Support Files/Pods-TimeCardTint/Pods-TimeCardTint-frameworks.sh\"\n";
			showEnvVarsInLog = 0;
		};
		B541EA263604AE1B7F2DD71B /* [CP] Check Pods Manifest.lock */ = {
			isa = PBXShellScriptBuildPhase;
			buildActionMask = 2147483647;
			files = (
			);
			inputFileListPaths = (
			);
			inputPaths = (
				"${PODS_PODFILE_DIR_PATH}/Podfile.lock",
				"${PODS_ROOT}/Manifest.lock",
			);
			name = "[CP] Check Pods Manifest.lock";
			outputFileListPaths = (
			);
			outputPaths = (
				"$(DERIVED_FILE_DIR)/Pods-TimeCardTint-checkManifestLockResult.txt",
			);
			runOnlyForDeploymentPostprocessing = 0;
			shellPath = /bin/sh;
			shellScript = "diff \"${PODS_PODFILE_DIR_PATH}/Podfile.lock\" \"${PODS_ROOT}/Manifest.lock\" > /dev/null\nif [ $? != 0 ] ; then\n    # print error to STDERR\n    echo \"error: The sandbox is not in sync with the Podfile.lock. Run 'pod install' or update your CocoaPods installation.\" >&2\n    exit 1\nfi\n# This output is used by Xcode 'outputs' to avoid re-running this script phase.\necho \"SUCCESS\" > \"${SCRIPT_OUTPUT_FILE_0}\"\n";
			showEnvVarsInLog = 0;
		};
/* End PBXShellScriptBuildPhase section */

/* Begin PBXSourcesBuildPhase section */
		3E27C2EE2685A31400512FAB /* Sources */ = {
			isa = PBXSourcesBuildPhase;
			buildActionMask = 2147483647;
			files = (
				3E27C2FA2685A31400512FAB /* ViewController.swift in Sources */,
				3E27C3212685A7E500512FAB /* RoundedTextView.swift in Sources */,
				3E27C3162685A7D700512FAB /* Extensions.swift in Sources */,
				3E27C3132685A7D700512FAB /* AppConstants.swift in Sources */,
				3E27C3242685A7E500512FAB /* ThemeUIView.swift in Sources */,
				3E27C3252685A7E500512FAB /* UnderLIneLable.swift in Sources */,
				3E27C30A2685A70A00512FAB /* LoginAndSingUpDataModel.swift in Sources */,
				3E27C3122685A7D700512FAB /* ApiHandler.swift in Sources */,
				3E27C2F62685A31400512FAB /* AppDelegate.swift in Sources */,
				3E27C3222685A7E500512FAB /* RoundedView.swift in Sources */,
				3E27C3202685A7E500512FAB /* RoundedButton.swift in Sources */,
				3E27C3142685A7D700512FAB /* CustomProtocols.swift in Sources */,
				3E27C3152685A7D700512FAB /* Enums.swift in Sources */,
				3E27C3232685A7E500512FAB /* SemiRoundView.swift in Sources */,
				3E27C3172685A7D700512FAB /* Utilities.swift in Sources */,
				3E27C3262685A7E500512FAB /* WhiteTintUIButton.swift in Sources */,
			);
			runOnlyForDeploymentPostprocessing = 0;
		};
/* End PBXSourcesBuildPhase section */

/* Begin PBXVariantGroup section */
		3E27C2FB2685A31400512FAB /* Main.storyboard */ = {
			isa = PBXVariantGroup;
			children = (
				3E27C2FC2685A31400512FAB /* Base */,
			);
			name = Main.storyboard;
			sourceTree = "<group>";
		};
		3E27C3002685A31800512FAB /* LaunchScreen.storyboard */ = {
			isa = PBXVariantGroup;
			children = (
				3E27C3012685A31800512FAB /* Base */,
			);
			name = LaunchScreen.storyboard;
			sourceTree = "<group>";
		};
/* End PBXVariantGroup section */

/* Begin XCBuildConfiguration section */
		3E27C3042685A31800512FAB /* Debug */ = {
			isa = XCBuildConfiguration;
			buildSettings = {
				ALWAYS_SEARCH_USER_PATHS = NO;
				CLANG_ANALYZER_NONNULL = YES;
				CLANG_ANALYZER_NUMBER_OBJECT_CONVERSION = YES_AGGRESSIVE;
				CLANG_CXX_LANGUAGE_STANDARD = "gnu++14";
				CLANG_CXX_LIBRARY = "libc++";
				CLANG_ENABLE_MODULES = YES;
				CLANG_ENABLE_OBJC_ARC = YES;
				CLANG_ENABLE_OBJC_WEAK = YES;
				CLANG_WARN_BLOCK_CAPTURE_AUTORELEASING = YES;
				CLANG_WARN_BOOL_CONVERSION = YES;
				CLANG_WARN_COMMA = YES;
				CLANG_WARN_CONSTANT_CONVERSION = YES;
				CLANG_WARN_DEPRECATED_OBJC_IMPLEMENTATIONS = YES;
				CLANG_WARN_DIRECT_OBJC_ISA_USAGE = YES_ERROR;
				CLANG_WARN_DOCUMENTATION_COMMENTS = YES;
				CLANG_WARN_EMPTY_BODY = YES;
				CLANG_WARN_ENUM_CONVERSION = YES;
				CLANG_WARN_INFINITE_RECURSION = YES;
				CLANG_WARN_INT_CONVERSION = YES;
				CLANG_WARN_NON_LITERAL_NULL_CONVERSION = YES;
				CLANG_WARN_OBJC_IMPLICIT_RETAIN_SELF = YES;
				CLANG_WARN_OBJC_LITERAL_CONVERSION = YES;
				CLANG_WARN_OBJC_ROOT_CLASS = YES_ERROR;
				CLANG_WARN_QUOTED_INCLUDE_IN_FRAMEWORK_HEADER = YES;
				CLANG_WARN_RANGE_LOOP_ANALYSIS = YES;
				CLANG_WARN_STRICT_PROTOTYPES = YES;
				CLANG_WARN_SUSPICIOUS_MOVE = YES;
				CLANG_WARN_UNGUARDED_AVAILABILITY = YES_AGGRESSIVE;
				CLANG_WARN_UNREACHABLE_CODE = YES;
				CLANG_WARN__DUPLICATE_METHOD_MATCH = YES;
				COPY_PHASE_STRIP = NO;
				DEBUG_INFORMATION_FORMAT = dwarf;
				ENABLE_STRICT_OBJC_MSGSEND = YES;
				ENABLE_TESTABILITY = YES;
				GCC_C_LANGUAGE_STANDARD = gnu11;
				GCC_DYNAMIC_NO_PIC = NO;
				GCC_NO_COMMON_BLOCKS = YES;
				GCC_OPTIMIZATION_LEVEL = 0;
				GCC_PREPROCESSOR_DEFINITIONS = (
					"DEBUG=1",
					"$(inherited)",
				);
				GCC_WARN_64_TO_32_BIT_CONVERSION = YES;
				GCC_WARN_ABOUT_RETURN_TYPE = YES_ERROR;
				GCC_WARN_UNDECLARED_SELECTOR = YES;
				GCC_WARN_UNINITIALIZED_AUTOS = YES_AGGRESSIVE;
				GCC_WARN_UNUSED_FUNCTION = YES;
				GCC_WARN_UNUSED_VARIABLE = YES;
				IPHONEOS_DEPLOYMENT_TARGET = 14.5;
				MTL_ENABLE_DEBUG_INFO = INCLUDE_SOURCE;
				MTL_FAST_MATH = YES;
				ONLY_ACTIVE_ARCH = YES;
				SDKROOT = iphoneos;
				SWIFT_ACTIVE_COMPILATION_CONDITIONS = DEBUG;
				SWIFT_OPTIMIZATION_LEVEL = "-Onone";
			};
			name = Debug;
		};
		3E27C3052685A31800512FAB /* Release */ = {
			isa = XCBuildConfiguration;
			buildSettings = {
				ALWAYS_SEARCH_USER_PATHS = NO;
				CLANG_ANALYZER_NONNULL = YES;
				CLANG_ANALYZER_NUMBER_OBJECT_CONVERSION = YES_AGGRESSIVE;
				CLANG_CXX_LANGUAGE_STANDARD = "gnu++14";
				CLANG_CXX_LIBRARY = "libc++";
				CLANG_ENABLE_MODULES = YES;
				CLANG_ENABLE_OBJC_ARC = YES;
				CLANG_ENABLE_OBJC_WEAK = YES;
				CLANG_WARN_BLOCK_CAPTURE_AUTORELEASING = YES;
				CLANG_WARN_BOOL_CONVERSION = YES;
				CLANG_WARN_COMMA = YES;
				CLANG_WARN_CONSTANT_CONVERSION = YES;
				CLANG_WARN_DEPRECATED_OBJC_IMPLEMENTATIONS = YES;
				CLANG_WARN_DIRECT_OBJC_ISA_USAGE = YES_ERROR;
				CLANG_WARN_DOCUMENTATION_COMMENTS = YES;
				CLANG_WARN_EMPTY_BODY = YES;
				CLANG_WARN_ENUM_CONVERSION = YES;
				CLANG_WARN_INFINITE_RECURSION = YES;
				CLANG_WARN_INT_CONVERSION = YES;
				CLANG_WARN_NON_LITERAL_NULL_CONVERSION = YES;
				CLANG_WARN_OBJC_IMPLICIT_RETAIN_SELF = YES;
				CLANG_WARN_OBJC_LITERAL_CONVERSION = YES;
				CLANG_WARN_OBJC_ROOT_CLASS = YES_ERROR;
				CLANG_WARN_QUOTED_INCLUDE_IN_FRAMEWORK_HEADER = YES;
				CLANG_WARN_RANGE_LOOP_ANALYSIS = YES;
				CLANG_WARN_STRICT_PROTOTYPES = YES;
				CLANG_WARN_SUSPICIOUS_MOVE = YES;
				CLANG_WARN_UNGUARDED_AVAILABILITY = YES_AGGRESSIVE;
				CLANG_WARN_UNREACHABLE_CODE = YES;
				CLANG_WARN__DUPLICATE_METHOD_MATCH = YES;
				COPY_PHASE_STRIP = NO;
				DEBUG_INFORMATION_FORMAT = "dwarf-with-dsym";
				ENABLE_NS_ASSERTIONS = NO;
				ENABLE_STRICT_OBJC_MSGSEND = YES;
				GCC_C_LANGUAGE_STANDARD = gnu11;
				GCC_NO_COMMON_BLOCKS = YES;
				GCC_WARN_64_TO_32_BIT_CONVERSION = YES;
				GCC_WARN_ABOUT_RETURN_TYPE = YES_ERROR;
				GCC_WARN_UNDECLARED_SELECTOR = YES;
				GCC_WARN_UNINITIALIZED_AUTOS = YES_AGGRESSIVE;
				GCC_WARN_UNUSED_FUNCTION = YES;
				GCC_WARN_UNUSED_VARIABLE = YES;
				IPHONEOS_DEPLOYMENT_TARGET = 14.5;
				MTL_ENABLE_DEBUG_INFO = NO;
				MTL_FAST_MATH = YES;
				SDKROOT = iphoneos;
				SWIFT_COMPILATION_MODE = wholemodule;
				SWIFT_OPTIMIZATION_LEVEL = "-O";
				VALIDATE_PRODUCT = YES;
			};
			name = Release;
		};
		3E27C3072685A31800512FAB /* Debug */ = {
			isa = XCBuildConfiguration;
			baseConfigurationReference = 75E93D24350FDE377316D820 /* Pods-TimeCardTint.debug.xcconfig */;
			buildSettings = {
				ASSETCATALOG_COMPILER_APPICON_NAME = AppIcon;
				ASSETCATALOG_COMPILER_GLOBAL_ACCENT_COLOR_NAME = AccentColor;
				CODE_SIGN_STYLE = Automatic;
				INFOPLIST_FILE = TimeCardTint/Info.plist;
				IPHONEOS_DEPLOYMENT_TARGET = 12.3;
				LD_RUNPATH_SEARCH_PATHS = (
					"$(inherited)",
					"@executable_path/Frameworks",
				);
				PRODUCT_BUNDLE_IDENTIFIER = com.TimeCardTint;
				PRODUCT_NAME = "$(TARGET_NAME)";
				SWIFT_VERSION = 5.0;
				TARGETED_DEVICE_FAMILY = 1;
			};
			name = Debug;
		};
		3E27C3082685A31800512FAB /* Release */ = {
			isa = XCBuildConfiguration;
			baseConfigurationReference = F2845637A7276974279F2E6F /* Pods-TimeCardTint.release.xcconfig */;
			buildSettings = {
				ASSETCATALOG_COMPILER_APPICON_NAME = AppIcon;
				ASSETCATALOG_COMPILER_GLOBAL_ACCENT_COLOR_NAME = AccentColor;
				CODE_SIGN_STYLE = Automatic;
				INFOPLIST_FILE = TimeCardTint/Info.plist;
				IPHONEOS_DEPLOYMENT_TARGET = 12.3;
				LD_RUNPATH_SEARCH_PATHS = (
					"$(inherited)",
					"@executable_path/Frameworks",
				);
				PRODUCT_BUNDLE_IDENTIFIER = com.TimeCardTint;
				PRODUCT_NAME = "$(TARGET_NAME)";
				SWIFT_VERSION = 5.0;
				TARGETED_DEVICE_FAMILY = 1;
			};
			name = Release;
		};
/* End XCBuildConfiguration section */

/* Begin XCConfigurationList section */
		3E27C2ED2685A31400512FAB /* Build configuration list for PBXProject "TimeCardTint" */ = {
			isa = XCConfigurationList;
			buildConfigurations = (
				3E27C3042685A31800512FAB /* Debug */,
				3E27C3052685A31800512FAB /* Release */,
			);
			defaultConfigurationIsVisible = 0;
			defaultConfigurationName = Release;
		};
		3E27C3062685A31800512FAB /* Build configuration list for PBXNativeTarget "TimeCardTint" */ = {
			isa = XCConfigurationList;
			buildConfigurations = (
				3E27C3072685A31800512FAB /* Debug */,
				3E27C3082685A31800512FAB /* Release */,
			);
			defaultConfigurationIsVisible = 0;
			defaultConfigurationName = Release;
		};
/* End XCConfigurationList section */
	};
	rootObject = 3E27C2EA2685A31400512FAB /* Project object */;
}
